// !$*UTF8*$!
{
	archiveVersion = 1;
	classes = {
	};
	objectVersion = 56;
	objects = {

/* Begin PBXBuildFile section */
		8A5172122ABB8BCB00C74A43 /* NewChat.swift in Sources */ = {isa = PBXBuildFile; fileRef = 8A5172112ABB8BCB00C74A43 /* NewChat.swift */; };
		8A5172162ABB8EA600C74A43 /* Menu.swift in Sources */ = {isa = PBXBuildFile; fileRef = 8A5172152ABB8EA600C74A43 /* Menu.swift */; };
		8A5172182ABBF4BA00C74A43 /* Archive.swift in Sources */ = {isa = PBXBuildFile; fileRef = 8A5172172ABBF4BA00C74A43 /* Archive.swift */; };
		8AE942062ABB2DB7000B8961 /* WatchMyGPT.app in Embed Watch Content */ = {isa = PBXBuildFile; fileRef = 8AE942052ABB2DB7000B8961 /* WatchMyGPT.app */; settings = {ATTRIBUTES = (RemoveHeadersOnCopy, ); }; };
		8AE9420B2ABB2DB7000B8961 /* watchmygptApp.swift in Sources */ = {isa = PBXBuildFile; fileRef = 8AE9420A2ABB2DB7000B8961 /* watchmygptApp.swift */; };
		8AE9420D2ABB2DB7000B8961 /* ContentView.swift in Sources */ = {isa = PBXBuildFile; fileRef = 8AE9420C2ABB2DB7000B8961 /* ContentView.swift */; };
		8AE9420F2ABB2DB7000B8961 /* Assets.xcassets in Resources */ = {isa = PBXBuildFile; fileRef = 8AE9420E2ABB2DB7000B8961 /* Assets.xcassets */; };
		8AE942122ABB2DB7000B8961 /* Preview Assets.xcassets in Resources */ = {isa = PBXBuildFile; fileRef = 8AE942112ABB2DB7000B8961 /* Preview Assets.xcassets */; };
		8AF863752ABC2D1A00CB9CF1 /* Config.plist in Resources */ = {isa = PBXBuildFile; fileRef = 8AF863742ABC2D1A00CB9CF1 /* Config.plist */; };
/* End PBXBuildFile section */

/* Begin PBXContainerItemProxy section */
		8AE942072ABB2DB7000B8961 /* PBXContainerItemProxy */ = {
			isa = PBXContainerItemProxy;
			containerPortal = 8AE941F92ABB2DB6000B8961 /* Project object */;
			proxyType = 1;
			remoteGlobalIDString = 8AE942042ABB2DB7000B8961;
			remoteInfo = "watchmygpt Watch App";
		};
/* End PBXContainerItemProxy section */

/* Begin PBXCopyFilesBuildPhase section */
		8AE942182ABB2DB7000B8961 /* Embed Watch Content */ = {
			isa = PBXCopyFilesBuildPhase;
			buildActionMask = 2147483647;
			dstPath = "$(CONTENTS_FOLDER_PATH)/Watch";
			dstSubfolderSpec = 16;
			files = (
				8AE942062ABB2DB7000B8961 /* WatchMyGPT.app in Embed Watch Content */,
			);
			name = "Embed Watch Content";
			runOnlyForDeploymentPostprocessing = 0;
		};
/* End PBXCopyFilesBuildPhase section */

/* Begin PBXFileReference section */
		8A5172112ABB8BCB00C74A43 /* NewChat.swift */ = {isa = PBXFileReference; lastKnownFileType = sourcecode.swift; path = NewChat.swift; sourceTree = "<group>"; };
		8A5172152ABB8EA600C74A43 /* Menu.swift */ = {isa = PBXFileReference; lastKnownFileType = sourcecode.swift; path = Menu.swift; sourceTree = "<group>"; };
		8A5172172ABBF4BA00C74A43 /* Archive.swift */ = {isa = PBXFileReference; lastKnownFileType = sourcecode.swift; path = Archive.swift; sourceTree = "<group>"; };
		8AE941FF2ABB2DB7000B8961 /* watchmygpt.app */ = {isa = PBXFileReference; explicitFileType = wrapper.application; includeInIndex = 0; path = watchmygpt.app; sourceTree = BUILT_PRODUCTS_DIR; };
		8AE942052ABB2DB7000B8961 /* WatchMyGPT.app */ = {isa = PBXFileReference; explicitFileType = wrapper.application; includeInIndex = 0; path = WatchMyGPT.app; sourceTree = BUILT_PRODUCTS_DIR; };
		8AE9420A2ABB2DB7000B8961 /* watchmygptApp.swift */ = {isa = PBXFileReference; lastKnownFileType = sourcecode.swift; path = watchmygptApp.swift; sourceTree = "<group>"; };
		8AE9420C2ABB2DB7000B8961 /* ContentView.swift */ = {isa = PBXFileReference; lastKnownFileType = sourcecode.swift; path = ContentView.swift; sourceTree = "<group>"; };
		8AE9420E2ABB2DB7000B8961 /* Assets.xcassets */ = {isa = PBXFileReference; lastKnownFileType = folder.assetcatalog; path = Assets.xcassets; sourceTree = "<group>"; };
		8AE942112ABB2DB7000B8961 /* Preview Assets.xcassets */ = {isa = PBXFileReference; lastKnownFileType = folder.assetcatalog; path = "Preview Assets.xcassets"; sourceTree = "<group>"; };
		8AF863742ABC2D1A00CB9CF1 /* Config.plist */ = {isa = PBXFileReference; lastKnownFileType = text.plist.xml; path = Config.plist; sourceTree = "<group>"; };
/* End PBXFileReference section */

/* Begin PBXFrameworksBuildPhase section */
		8AE942022ABB2DB7000B8961 /* Frameworks */ = {
			isa = PBXFrameworksBuildPhase;
			buildActionMask = 2147483647;
			files = (
			);
			runOnlyForDeploymentPostprocessing = 0;
		};
/* End PBXFrameworksBuildPhase section */

/* Begin PBXGroup section */
		8A5172102ABB8BA100C74A43 /* Views */ = {
			isa = PBXGroup;
			children = (
				8A5172112ABB8BCB00C74A43 /* NewChat.swift */,
				8AF863742ABC2D1A00CB9CF1 /* Config.plist */,
				8A5172152ABB8EA600C74A43 /* Menu.swift */,
				8A5172172ABBF4BA00C74A43 /* Archive.swift */,
			);
			path = Views;
			sourceTree = "<group>";
		};
		8AE941F82ABB2DB6000B8961 = {
			isa = PBXGroup;
			children = (
				8AE942092ABB2DB7000B8961 /* watchmygpt Watch App */,
				8AE942002ABB2DB7000B8961 /* Products */,
			);
			sourceTree = "<group>";
		};
		8AE942002ABB2DB7000B8961 /* Products */ = {
			isa = PBXGroup;
			children = (
				8AE941FF2ABB2DB7000B8961 /* watchmygpt.app */,
				8AE942052ABB2DB7000B8961 /* WatchMyGPT.app */,
			);
			name = Products;
			sourceTree = "<group>";
		};
		8AE942092ABB2DB7000B8961 /* watchmygpt Watch App */ = {
			isa = PBXGroup;
			children = (
				8AE9420A2ABB2DB7000B8961 /* watchmygptApp.swift */,
				8AE9420C2ABB2DB7000B8961 /* ContentView.swift */,
				8A5172102ABB8BA100C74A43 /* Views */,
				8AE9420E2ABB2DB7000B8961 /* Assets.xcassets */,
				8AE942102ABB2DB7000B8961 /* Preview Content */,
			);
			path = "watchmygpt Watch App";
			sourceTree = "<group>";
		};
		8AE942102ABB2DB7000B8961 /* Preview Content */ = {
			isa = PBXGroup;
			children = (
				8AE942112ABB2DB7000B8961 /* Preview Assets.xcassets */,
			);
			path = "Preview Content";
			sourceTree = "<group>";
		};
/* End PBXGroup section */

/* Begin PBXNativeTarget section */
		8AE941FE2ABB2DB7000B8961 /* watchmygpt */ = {
			isa = PBXNativeTarget;
			buildConfigurationList = 8AE942192ABB2DB7000B8961 /* Build configuration list for PBXNativeTarget "watchmygpt" */;
			buildPhases = (
				8AE941FD2ABB2DB7000B8961 /* Resources */,
				8AE942182ABB2DB7000B8961 /* Embed Watch Content */,
			);
			buildRules = (
			);
			dependencies = (
				8AE942082ABB2DB7000B8961 /* PBXTargetDependency */,
			);
			name = watchmygpt;
			productName = watchmygpt;
			productReference = 8AE941FF2ABB2DB7000B8961 /* watchmygpt.app */;
			productType = "com.apple.product-type.application.watchapp2-container";
		};
		8AE942042ABB2DB7000B8961 /* watchmygpt Watch App */ = {
			isa = PBXNativeTarget;
			buildConfigurationList = 8AE942152ABB2DB7000B8961 /* Build configuration list for PBXNativeTarget "watchmygpt Watch App" */;
			buildPhases = (
				8AE942012ABB2DB7000B8961 /* Sources */,
				8AE942022ABB2DB7000B8961 /* Frameworks */,
				8AE942032ABB2DB7000B8961 /* Resources */,
			);
			buildRules = (
			);
			dependencies = (
			);
			name = "watchmygpt Watch App";
			productName = "watchmygpt Watch App";
			productReference = 8AE942052ABB2DB7000B8961 /* WatchMyGPT.app */;
			productType = "com.apple.product-type.application";
		};
/* End PBXNativeTarget section */

/* Begin PBXProject section */
		8AE941F92ABB2DB6000B8961 /* Project object */ = {
			isa = PBXProject;
			attributes = {
				BuildIndependentTargetsInParallel = 1;
				LastSwiftUpdateCheck = 1500;
				LastUpgradeCheck = 1500;
				TargetAttributes = {
					8AE941FE2ABB2DB7000B8961 = {
						CreatedOnToolsVersion = 15.0;
					};
					8AE942042ABB2DB7000B8961 = {
						CreatedOnToolsVersion = 15.0;
					};
				};
			};
			buildConfigurationList = 8AE941FC2ABB2DB6000B8961 /* Build configuration list for PBXProject "watchmygpt" */;
			compatibilityVersion = "Xcode 14.0";
			developmentRegion = en;
			hasScannedForEncodings = 0;
			knownRegions = (
				en,
				Base,
			);
			mainGroup = 8AE941F82ABB2DB6000B8961;
			productRefGroup = 8AE942002ABB2DB7000B8961 /* Products */;
			projectDirPath = "";
			projectRoot = "";
			targets = (
				8AE941FE2ABB2DB7000B8961 /* watchmygpt */,
				8AE942042ABB2DB7000B8961 /* watchmygpt Watch App */,
			);
		};
/* End PBXProject section */

/* Begin PBXResourcesBuildPhase section */
		8AE941FD2ABB2DB7000B8961 /* Resources */ = {
			isa = PBXResourcesBuildPhase;
			buildActionMask = 2147483647;
			files = (
			);
			runOnlyForDeploymentPostprocessing = 0;
		};
		8AE942032ABB2DB7000B8961 /* Resources */ = {
			isa = PBXResourcesBuildPhase;
			buildActionMask = 2147483647;
			files = (
				8AE942122ABB2DB7000B8961 /* Preview Assets.xcassets in Resources */,
				8AF863752ABC2D1A00CB9CF1 /* Config.plist in Resources */,
				8AE9420F2ABB2DB7000B8961 /* Assets.xcassets in Resources */,
			);
			runOnlyForDeploymentPostprocessing = 0;
		};
/* End PBXResourcesBuildPhase section */

/* Begin PBXSourcesBuildPhase section */
		8AE942012ABB2DB7000B8961 /* Sources */ = {
			isa = PBXSourcesBuildPhase;
			buildActionMask = 2147483647;
			files = (
				8A5172182ABBF4BA00C74A43 /* Archive.swift in Sources */,
				8AE9420D2ABB2DB7000B8961 /* ContentView.swift in Sources */,
				8A5172122ABB8BCB00C74A43 /* NewChat.swift in Sources */,
				8A5172162ABB8EA600C74A43 /* Menu.swift in Sources */,
				8AE9420B2ABB2DB7000B8961 /* watchmygptApp.swift in Sources */,
			);
			runOnlyForDeploymentPostprocessing = 0;
		};
/* End PBXSourcesBuildPhase section */

/* Begin PBXTargetDependency section */
		8AE942082ABB2DB7000B8961 /* PBXTargetDependency */ = {
			isa = PBXTargetDependency;
			target = 8AE942042ABB2DB7000B8961 /* watchmygpt Watch App */;
			targetProxy = 8AE942072ABB2DB7000B8961 /* PBXContainerItemProxy */;
		};
/* End PBXTargetDependency section */

/* Begin XCBuildConfiguration section */
		8AE942132ABB2DB7000B8961 /* Debug */ = {
			isa = XCBuildConfiguration;
			buildSettings = {
				ALWAYS_SEARCH_USER_PATHS = NO;
				ASSETCATALOG_COMPILER_GENERATE_SWIFT_ASSET_SYMBOL_EXTENSIONS = YES;
				CLANG_ANALYZER_NONNULL = YES;
				CLANG_ANALYZER_NUMBER_OBJECT_CONVERSION = YES_AGGRESSIVE;
				CLANG_CXX_LANGUAGE_STANDARD = "gnu++20";
				CLANG_ENABLE_MODULES = YES;
				CLANG_ENABLE_OBJC_ARC = YES;
				CLANG_ENABLE_OBJC_WEAK = YES;
				CLANG_WARN_BLOCK_CAPTURE_AUTORELEASING = YES;
				CLANG_WARN_BOOL_CONVERSION = YES;
				CLANG_WARN_COMMA = YES;
				CLANG_WARN_CONSTANT_CONVERSION = YES;
				CLANG_WARN_DEPRECATED_OBJC_IMPLEMENTATIONS = YES;
				CLANG_WARN_DIRECT_OBJC_ISA_USAGE = YES_ERROR;
				CLANG_WARN_DOCUMENTATION_COMMENTS = YES;
				CLANG_WARN_EMPTY_BODY = YES;
				CLANG_WARN_ENUM_CONVERSION = YES;
				CLANG_WARN_INFINITE_RECURSION = YES;
				CLANG_WARN_INT_CONVERSION = YES;
				CLANG_WARN_NON_LITERAL_NULL_CONVERSION = YES;
				CLANG_WARN_OBJC_IMPLICIT_RETAIN_SELF = YES;
				CLANG_WARN_OBJC_LITERAL_CONVERSION = YES;
				CLANG_WARN_OBJC_ROOT_CLASS = YES_ERROR;
				CLANG_WARN_QUOTED_INCLUDE_IN_FRAMEWORK_HEADER = YES;
				CLANG_WARN_RANGE_LOOP_ANALYSIS = YES;
				CLANG_WARN_STRICT_PROTOTYPES = YES;
				CLANG_WARN_SUSPICIOUS_MOVE = YES;
				CLANG_WARN_UNGUARDED_AVAILABILITY = YES_AGGRESSIVE;
				CLANG_WARN_UNREACHABLE_CODE = YES;
				CLANG_WARN__DUPLICATE_METHOD_MATCH = YES;
				COPY_PHASE_STRIP = NO;
				DEBUG_INFORMATION_FORMAT = dwarf;
				ENABLE_STRICT_OBJC_MSGSEND = YES;
				ENABLE_TESTABILITY = YES;
				ENABLE_USER_SCRIPT_SANDBOXING = YES;
				GCC_C_LANGUAGE_STANDARD = gnu17;
				GCC_DYNAMIC_NO_PIC = NO;
				GCC_NO_COMMON_BLOCKS = YES;
				GCC_OPTIMIZATION_LEVEL = 0;
				GCC_PREPROCESSOR_DEFINITIONS = (
					"DEBUG=1",
					"$(inherited)",
				);
				GCC_WARN_64_TO_32_BIT_CONVERSION = YES;
				GCC_WARN_ABOUT_RETURN_TYPE = YES_ERROR;
				GCC_WARN_UNDECLARED_SELECTOR = YES;
				GCC_WARN_UNINITIALIZED_AUTOS = YES_AGGRESSIVE;
				GCC_WARN_UNUSED_FUNCTION = YES;
				GCC_WARN_UNUSED_VARIABLE = YES;
				LOCALIZATION_PREFERS_STRING_CATALOGS = YES;
				MTL_ENABLE_DEBUG_INFO = INCLUDE_SOURCE;
				MTL_FAST_MATH = YES;
				ONLY_ACTIVE_ARCH = YES;
				SWIFT_ACTIVE_COMPILATION_CONDITIONS = "DEBUG $(inherited)";
				SWIFT_OPTIMIZATION_LEVEL = "-Onone";
			};
			name = Debug;
		};
		8AE942142ABB2DB7000B8961 /* Release */ = {
			isa = XCBuildConfiguration;
			buildSettings = {
				ALWAYS_SEARCH_USER_PATHS = NO;
				ASSETCATALOG_COMPILER_GENERATE_SWIFT_ASSET_SYMBOL_EXTENSIONS = YES;
				CLANG_ANALYZER_NONNULL = YES;
				CLANG_ANALYZER_NUMBER_OBJECT_CONVERSION = YES_AGGRESSIVE;
				CLANG_CXX_LANGUAGE_STANDARD = "gnu++20";
				CLANG_ENABLE_MODULES = YES;
				CLANG_ENABLE_OBJC_ARC = YES;
				CLANG_ENABLE_OBJC_WEAK = YES;
				CLANG_WARN_BLOCK_CAPTURE_AUTORELEASING = YES;
				CLANG_WARN_BOOL_CONVERSION = YES;
				CLANG_WARN_COMMA = YES;
				CLANG_WARN_CONSTANT_CONVERSION = YES;
				CLANG_WARN_DEPRECATED_OBJC_IMPLEMENTATIONS = YES;
				CLANG_WARN_DIRECT_OBJC_ISA_USAGE = YES_ERROR;
				CLANG_WARN_DOCUMENTATION_COMMENTS = YES;
				CLANG_WARN_EMPTY_BODY = YES;
				CLANG_WARN_ENUM_CONVERSION = YES;
				CLANG_WARN_INFINITE_RECURSION = YES;
				CLANG_WARN_INT_CONVERSION = YES;
				CLANG_WARN_NON_LITERAL_NULL_CONVERSION = YES;
				CLANG_WARN_OBJC_IMPLICIT_RETAIN_SELF = YES;
				CLANG_WARN_OBJC_LITERAL_CONVERSION = YES;
				CLANG_WARN_OBJC_ROOT_CLASS = YES_ERROR;
				CLANG_WARN_QUOTED_INCLUDE_IN_FRAMEWORK_HEADER = YES;
				CLANG_WARN_RANGE_LOOP_ANALYSIS = YES;
				CLANG_WARN_STRICT_PROTOTYPES = YES;
				CLANG_WARN_SUSPICIOUS_MOVE = YES;
				CLANG_WARN_UNGUARDED_AVAILABILITY = YES_AGGRESSIVE;
				CLANG_WARN_UNREACHABLE_CODE = YES;
				CLANG_WARN__DUPLICATE_METHOD_MATCH = YES;
				COPY_PHASE_STRIP = NO;
				DEBUG_INFORMATION_FORMAT = "dwarf-with-dsym";
				ENABLE_NS_ASSERTIONS = NO;
				ENABLE_STRICT_OBJC_MSGSEND = YES;
				ENABLE_USER_SCRIPT_SANDBOXING = YES;
				GCC_C_LANGUAGE_STANDARD = gnu17;
				GCC_NO_COMMON_BLOCKS = YES;
				GCC_WARN_64_TO_32_BIT_CONVERSION = YES;
				GCC_WARN_ABOUT_RETURN_TYPE = YES_ERROR;
				GCC_WARN_UNDECLARED_SELECTOR = YES;
				GCC_WARN_UNINITIALIZED_AUTOS = YES_AGGRESSIVE;
				GCC_WARN_UNUSED_FUNCTION = YES;
				GCC_WARN_UNUSED_VARIABLE = YES;
				LOCALIZATION_PREFERS_STRING_CATALOGS = YES;
				MTL_ENABLE_DEBUG_INFO = NO;
				MTL_FAST_MATH = YES;
				SWIFT_COMPILATION_MODE = wholemodule;
			};
			name = Release;
		};
		8AE942162ABB2DB7000B8961 /* Debug */ = {
			isa = XCBuildConfiguration;
			buildSettings = {
				ASSETCATALOG_COMPILER_APPICON_NAME = AppIcon;
				ASSETCATALOG_COMPILER_GLOBAL_ACCENT_COLOR_NAME = AccentColor;
				ASSETCATALOG_COMPILER_INCLUDE_ALL_APPICON_ASSETS = YES;
				CODE_SIGN_STYLE = Automatic;
				CURRENT_PROJECT_VERSION = 3;
				DEVELOPMENT_ASSET_PATHS = "\"watchmygpt Watch App/Preview Content\"";
				DEVELOPMENT_TEAM = P57GR7YZG3;
				ENABLE_PREVIEWS = YES;
				GENERATE_INFOPLIST_FILE = YES;
				INFOPLIST_KEY_UISupportedInterfaceOrientations = "UIInterfaceOrientationPortrait UIInterfaceOrientationPortraitUpsideDown";
				INFOPLIST_KEY_WKWatchOnly = YES;
				LD_RUNPATH_SEARCH_PATHS = (
					"$(inherited)",
					"@executable_path/Frameworks",
				);
				MARKETING_VERSION = 1.0;
				PRODUCT_BUNDLE_IDENTIFIER = com.srn.watchmygpt.watchkitapp;
				PRODUCT_NAME = WatchMyGPT;
				SDKROOT = watchos;
				SKIP_INSTALL = YES;
				SWIFT_EMIT_LOC_STRINGS = YES;
				SWIFT_VERSION = 5.0;
				TARGETED_DEVICE_FAMILY = 4;
				WATCHOS_DEPLOYMENT_TARGET = 10.0;
			};
			name = Debug;
		};
		8AE942172ABB2DB7000B8961 /* Release */ = {
			isa = XCBuildConfiguration;
			buildSettings = {
				ASSETCATALOG_COMPILER_APPICON_NAME = AppIcon;
				ASSETCATALOG_COMPILER_GLOBAL_ACCENT_COLOR_NAME = AccentColor;
				ASSETCATALOG_COMPILER_INCLUDE_ALL_APPICON_ASSETS = YES;
				CODE_SIGN_STYLE = Automatic;
				CURRENT_PROJECT_VERSION = 3;
				DEVELOPMENT_ASSET_PATHS = "\"watchmygpt Watch App/Preview Content\"";
				DEVELOPMENT_TEAM = P57GR7YZG3;
				ENABLE_PREVIEWS = YES;
				GENERATE_INFOPLIST_FILE = YES;
				INFOPLIST_KEY_UISupportedInterfaceOrientations = "UIInterfaceOrientationPortrait UIInterfaceOrientationPortraitUpsideDown";
				INFOPLIST_KEY_WKWatchOnly = YES;
				LD_RUNPATH_SEARCH_PATHS = (
					"$(inherited)",
					"@executable_path/Frameworks",
				);
				MARKETING_VERSION = 1.0;
				PRODUCT_BUNDLE_IDENTIFIER = com.srn.watchmygpt.watchkitapp;
				PRODUCT_NAME = WatchMyGPT;
				SDKROOT = watchos;
				SKIP_INSTALL = YES;
				SWIFT_EMIT_LOC_STRINGS = YES;
				SWIFT_VERSION = 5.0;
				TARGETED_DEVICE_FAMILY = 4;
				VALIDATE_PRODUCT = YES;
				WATCHOS_DEPLOYMENT_TARGET = 10.0;
			};
			name = Release;
		};
		8AE9421A2ABB2DB7000B8961 /* Debug */ = {
			isa = XCBuildConfiguration;
			buildSettings = {
				ALWAYS_EMBED_SWIFT_STANDARD_LIBRARIES = YES;
				CODE_SIGN_STYLE = Automatic;
				CURRENT_PROJECT_VERSION = 1;
				DEVELOPMENT_TEAM = P57GR7YZG3;
				INFOPLIST_KEY_CFBundleDisplayName = watchmygpt;
				MARKETING_VERSION = 1.0;
				PRODUCT_BUNDLE_IDENTIFIER = com.srn.watchmygpt;
				PRODUCT_NAME = "$(TARGET_NAME)";
				SDKROOT = iphoneos;
				SWIFT_VERSION = 5.0;
			};
			name = Debug;
		};
		8AE9421B2ABB2DB7000B8961 /* Release */ = {
			isa = XCBuildConfiguration;
			buildSettings = {
				ALWAYS_EMBED_SWIFT_STANDARD_LIBRARIES = YES;
				CODE_SIGN_STYLE = Automatic;
				CURRENT_PROJECT_VERSION = 1;
				DEVELOPMENT_TEAM = P57GR7YZG3;
				INFOPLIST_KEY_CFBundleDisplayName = watchmygpt;
				MARKETING_VERSION = 1.0;
				PRODUCT_BUNDLE_IDENTIFIER = com.srn.watchmygpt;
				PRODUCT_NAME = "$(TARGET_NAME)";
				SDKROOT = iphoneos;
				SWIFT_VERSION = 5.0;
				VALIDATE_PRODUCT = YES;
			};
			name = Release;
		};
/* End XCBuildConfiguration section */

/* Begin XCConfigurationList section */
		8AE941FC2ABB2DB6000B8961 /* Build configuration list for PBXProject "watchmygpt" */ = {
			isa = XCConfigurationList;
			buildConfigurations = (
				8AE942132ABB2DB7000B8961 /* Debug */,
				8AE942142ABB2DB7000B8961 /* Release */,
			);
			defaultConfigurationIsVisible = 0;
			defaultConfigurationName = Release;
		};
		8AE942152ABB2DB7000B8961 /* Build configuration list for PBXNativeTarget "watchmygpt Watch App" */ = {
			isa = XCConfigurationList;
			buildConfigurations = (
				8AE942162ABB2DB7000B8961 /* Debug */,
				8AE942172ABB2DB7000B8961 /* Release */,
			);
			defaultConfigurationIsVisible = 0;
			defaultConfigurationName = Release;
		};
		8AE942192ABB2DB7000B8961 /* Build configuration list for PBXNativeTarget "watchmygpt" */ = {
			isa = XCConfigurationList;
			buildConfigurations = (
				8AE9421A2ABB2DB7000B8961 /* Debug */,
				8AE9421B2ABB2DB7000B8961 /* Release */,
			);
			defaultConfigurationIsVisible = 0;
			defaultConfigurationName = Release;
		};
/* End XCConfigurationList section */
	};
	rootObject = 8AE941F92ABB2DB6000B8961 /* Project object */;
}
